// !$*UTF8*$!
{
	archiveVersion = 1;
	classes = {
	};
	objectVersion = 46;
	objects = {

/* Begin PBXBuildFile section */
		14F925541D901ED500743477 /* AppDelegate.swift in Sources */ = {isa = PBXBuildFile; fileRef = 14F925531D901ED500743477 /* AppDelegate.swift */; };
		14F925561D901ED500743477 /* ViewController.swift in Sources */ = {isa = PBXBuildFile; fileRef = 14F925551D901ED500743477 /* ViewController.swift */; };
		14F925591D901ED500743477 /* Main.storyboard in Resources */ = {isa = PBXBuildFile; fileRef = 14F925571D901ED500743477 /* Main.storyboard */; };
		14F9255B1D901ED500743477 /* Assets.xcassets in Resources */ = {isa = PBXBuildFile; fileRef = 14F9255A1D901ED500743477 /* Assets.xcassets */; };
		14F9255E1D901ED500743477 /* LaunchScreen.storyboard in Resources */ = {isa = PBXBuildFile; fileRef = 14F9255C1D901ED500743477 /* LaunchScreen.storyboard */; };
/* End PBXBuildFile section */

/* Begin PBXFileReference section */
		14F925501D901ED500743477 /* Lesson5Kadai.app */ = {isa = PBXFileReference; explicitFileType = wrapper.application; includeInIndex = 0; path = Lesson5Kadai.app; sourceTree = BUILT_PRODUCTS_DIR; };
		14F925531D901ED500743477 /* AppDelegate.swift */ = {isa = PBXFileReference; lastKnownFileType = sourcecode.swift; path = AppDelegate.swift; sourceTree = "<group>"; };
		14F925551D901ED500743477 /* ViewController.swift */ = {isa = PBXFileReference; lastKnownFileType = sourcecode.swift; path = ViewController.swift; sourceTree = "<group>"; };
		14F925581D901ED500743477 /* Base */ = {isa = PBXFileReference; lastKnownFileType = file.storyboard; name = Base; path = Base.lproj/Main.storyboard; sourceTree = "<group>"; };
		14F9255A1D901ED500743477 /* Assets.xcassets */ = {isa = PBXFileReference; lastKnownFileType = folder.assetcatalog; path = Assets.xcassets; sourceTree = "<group>"; };
		14F9255D1D901ED500743477 /* Base */ = {isa = PBXFileReference; lastKnownFileType = file.storyboard; name = Base; path = Base.lproj/LaunchScreen.storyboard; sourceTree = "<group>"; };
		14F9255F1D901ED500743477 /* Info.plist */ = {isa = PBXFileReference; lastKnownFileType = text.plist.xml; path = Info.plist; sourceTree = "<group>"; };
/* End PBXFileReference section */

/* Begin PBXFrameworksBuildPhase section */
		14F9254D1D901ED500743477 /* Frameworks */ = {
			isa = PBXFrameworksBuildPhase;
			buildActionMask = 2147483647;
			files = (
			);
			runOnlyForDeploymentPostprocessing = 0;
		};
/* End PBXFrameworksBuildPhase section */

/* Begin PBXGroup section */
		14F925471D901ED500743477 = {
			isa = PBXGroup;
			children = (
				14F925521D901ED500743477 /* Lesson5Kadai */,
				14F925511D901ED500743477 /* Products */,
			);
			sourceTree = "<group>";
		};
		14F925511D901ED500743477 /* Products */ = {
			isa = PBXGroup;
			children = (
				14F925501D901ED500743477 /* Lesson5Kadai.app */,
			);
			name = Products;
			sourceTree = "<group>";
		};
		14F925521D901ED500743477 /* Lesson5Kadai */ = {
			isa = PBXGroup;
			children = (
				14F925531D901ED500743477 /* AppDelegate.swift */,
				14F925551D901ED500743477 /* ViewController.swift */,
				14F925571D901ED500743477 /* Main.storyboard */,
				14F9255A1D901ED500743477 /* Assets.xcassets */,
				14F9255C1D901ED500743477 /* LaunchScreen.storyboard */,
				14F9255F1D901ED500743477 /* Info.plist */,
			);
			path = Lesson5Kadai;
			sourceTree = "<group>";
		};
/* End PBXGroup section */

/* Begin PBXNativeTarget section */
		14F9254F1D901ED500743477 /* Lesson5Kadai */ = {
			isa = PBXNativeTarget;
			buildConfigurationList = 14F925621D901ED500743477 /* Build configuration list for PBXNativeTarget "Lesson5Kadai" */;
			buildPhases = (
				14F9254C1D901ED500743477 /* Sources */,
				14F9254D1D901ED500743477 /* Frameworks */,
				14F9254E1D901ED500743477 /* Resources */,
			);
			buildRules = (
			);
			dependencies = (
			);
			name = Lesson5Kadai;
			productName = Lesson5Kadai;
			productReference = 14F925501D901ED500743477 /* Lesson5Kadai.app */;
			productType = "com.apple.product-type.application";
		};
/* End PBXNativeTarget section */

/* Begin PBXProject section */
		14F925481D901ED500743477 /* Project object */ = {
			isa = PBXProject;
			attributes = {
				LastSwiftUpdateCheck = 0730;
				LastUpgradeCheck = 0730;
				ORGANIZATIONNAME = tooru.yoshihara;
				TargetAttributes = {
					14F9254F1D901ED500743477 = {
						CreatedOnToolsVersion = 7.3.1;
					};
				};
			};
			buildConfigurationList = 14F9254B1D901ED500743477 /* Build configuration list for PBXProject "Lesson5Kadai" */;
			compatibilityVersion = "Xcode 3.2";
			developmentRegion = English;
			hasScannedForEncodings = 0;
			knownRegions = (
				en,
				Base,
			);
			mainGroup = 14F925471D901ED500743477;
			productRefGroup = 14F925511D901ED500743477 /* Products */;
			projectDirPath = "";
			projectRoot = "";
			targets = (
				14F9254F1D901ED500743477 /* Lesson5Kadai */,
			);
		};
/* End PBXProject section */

/* Begin PBXResourcesBuildPhase section */
		14F9254E1D901ED500743477 /* Resources */ = {
			isa = PBXResourcesBuildPhase;
			buildActionMask = 2147483647;
			files = (
				14F9255E1D901ED500743477 /* LaunchScreen.storyboard in Resources */,
				14F9255B1D901ED500743477 /* Assets.xcassets in Resources */,
				14F925591D901ED500743477 /* Main.storyboard in Resources */,
			);
			runOnlyForDeploymentPostprocessing = 0;
		};
/* End PBXResourcesBuildPhase section */

/* Begin PBXSourcesBuildPhase section */
		14F9254C1D901ED500743477 /* Sources */ = {
			isa = PBXSourcesBuildPhase;
			buildActionMask = 2147483647;
			files = (
				14F925561D901ED500743477 /* ViewController.swift in Sources */,
				14F925541D901ED500743477 /* AppDelegate.swift in Sources */,
			);
			runOnlyForDeploymentPostprocessing = 0;
		};
/* End PBXSourcesBuildPhase section */

/* Begin PBXVariantGroup section */
		14F925571D901ED500743477 /* Main.storyboard */ = {
			isa = PBXVariantGroup;
			children = (
				14F925581D901ED500743477 /* Base */,
			);
			name = Main.storyboard;
			sourceTree = "<group>";
		};
		14F9255C1D901ED500743477 /* LaunchScreen.storyboard */ = {
			isa = PBXVariantGroup;
			children = (
				14F9255D1D901ED500743477 /* Base */,
			);
			name = LaunchScreen.storyboard;
			sourceTree = "<group>";
		};
/* End PBXVariantGroup section */

/* Begin XCBuildConfiguration section */
		14F925601D901ED500743477 /* Debug */ = {
			isa = XCBuildConfiguration;
			buildSettings = {
				ALWAYS_SEARCH_USER_PATHS = NO;
				CLANG_ANALYZER_NONNULL = YES;
				CLANG_CXX_LANGUAGE_STANDARD = "gnu++0x";
				CLANG_CXX_LIBRARY = "libc++";
				CLANG_ENABLE_MODULES = YES;
				CLANG_ENABLE_OBJC_ARC = YES;
				CLANG_WARN_BOOL_CONVERSION = YES;
				CLANG_WARN_CONSTANT_CONVERSION = YES;
				CLANG_WARN_DIRECT_OBJC_ISA_USAGE = YES_ERROR;
				CLANG_WARN_EMPTY_BODY = YES;
				CLANG_WARN_ENUM_CONVERSION = YES;
				CLANG_WARN_INT_CONVERSION = YES;
				CLANG_WARN_OBJC_ROOT_CLASS = YES_ERROR;
				CLANG_WARN_UNREACHABLE_CODE = YES;
				CLANG_WARN__DUPLICATE_METHOD_MATCH = YES;
				"CODE_SIGN_IDENTITY[sdk=iphoneos*]" = "iPhone Developer";
				COPY_PHASE_STRIP = NO;
				DEBUG_INFORMATION_FORMAT = dwarf;
				ENABLE_STRICT_OBJC_MSGSEND = YES;
				ENABLE_TESTABILITY = YES;
				GCC_C_LANGUAGE_STANDARD = gnu99;
				GCC_DYNAMIC_NO_PIC = NO;
				GCC_NO_COMMON_BLOCKS = YES;
				GCC_OPTIMIZATION_LEVEL = 0;
				GCC_PREPROCESSOR_DEFINITIONS = (
					"DEBUG=1",
					"$(inherited)",
				);
				GCC_WARN_64_TO_32_BIT_CONVERSION = YES;
				GCC_WARN_ABOUT_RETURN_TYPE = YES_ERROR;
				GCC_WARN_UNDECLARED_SELECTOR = YES;
				GCC_WARN_UNINITIALIZED_AUTOS = YES_AGGRESSIVE;
				GCC_WARN_UNUSED_FUNCTION = YES;
				GCC_WARN_UNUSED_VARIABLE = YES;
				IPHONEOS_DEPLOYMENT_TARGET = 9.3;
				MTL_ENABLE_DEBUG_INFO = YES;
				ONLY_ACTIVE_ARCH = YES;
				SDKROOT = iphoneos;
				SWIFT_OPTIMIZATION_LEVEL = "-Onone";
			};
			name = Debug;
		};
		14F925611D901ED500743477 /* Release */ = {
			isa = XCBuildConfiguration;
			buildSettings = {
				ALWAYS_SEARCH_USER_PATHS = NO;
				CLANG_ANALYZER_NONNULL = YES;
				CLANG_CXX_LANGUAGE_STANDARD = "gnu++0x";
				CLANG_CXX_LIBRARY = "libc++";
				CLANG_ENABLE_MODULES = YES;
				CLANG_ENABLE_OBJC_ARC = YES;
				CLANG_WARN_BOOL_CONVERSION = YES;
				CLANG_WARN_CONSTANT_CONVERSION = YES;
				CLANG_WARN_DIRECT_OBJC_ISA_USAGE = YES_ERROR;
				CLANG_WARN_EMPTY_BODY = YES;
				CLANG_WARN_ENUM_CONVERSION = YES;
				CLANG_WARN_INT_CONVERSION = YES;
				CLANG_WARN_OBJC_ROOT_CLASS = YES_ERROR;
				CLANG_WARN_UNREACHABLE_CODE = YES;
				CLANG_WARN__DUPLICATE_METHOD_MATCH = YES;
				"CODE_SIGN_IDENTITY[sdk=iphoneos*]" = "iPhone Developer";
				COPY_PHASE_STRIP = NO;
				DEBUG_INFORMATION_FORMAT = "dwarf-with-dsym";
				ENABLE_NS_ASSERTIONS = NO;
				ENABLE_STRICT_OBJC_MSGSEND = YES;
				GCC_C_LANGUAGE_STANDARD = gnu99;
				GCC_NO_COMMON_BLOCKS = YES;
				GCC_WARN_64_TO_32_BIT_CONVERSION = YES;
				GCC_WARN_ABOUT_RETURN_TYPE = YES_ERROR;
				GCC_WARN_UNDECLARED_SELECTOR = YES;
				GCC_WARN_UNINITIALIZED_AUTOS = YES_AGGRESSIVE;
				GCC_WARN_UNUSED_FUNCTION = YES;
				GCC_WARN_UNUSED_VARIABLE = YES;
				IPHONEOS_DEPLOYMENT_TARGET = 9.3;
				MTL_ENABLE_DEBUG_INFO = NO;
				SDKROOT = iphoneos;
				VALIDATE_PRODUCT = YES;
			};
			name = Release;
		};
		14F925631D901ED500743477 /* Debug */ = {
			isa = XCBuildConfiguration;
			buildSettings = {
				ASSETCATALOG_COMPILER_APPICON_NAME = AppIcon;
				INFOPLIST_FILE = Lesson5Kadai/Info.plist;
				LD_RUNPATH_SEARCH_PATHS = "$(inherited) @executable_path/Frameworks";
				PRODUCT_BUNDLE_IDENTIFIER = jp.techacademy.tooru.yoshihara.Lesson5Kadai;
				PRODUCT_NAME = "$(TARGET_NAME)";
			};
			name = Debug;
		};
		14F925641D901ED500743477 /* Release */ = {
			isa = XCBuildConfiguration;
			buildSettings = {
				ASSETCATALOG_COMPILER_APPICON_NAME = AppIcon;
				INFOPLIST_FILE = Lesson5Kadai/Info.plist;
				LD_RUNPATH_SEARCH_PATHS = "$(inherited) @executable_path/Frameworks";
				PRODUCT_BUNDLE_IDENTIFIER = jp.techacademy.tooru.yoshihara.Lesson5Kadai;
				PRODUCT_NAME = "$(TARGET_NAME)";
			};
			name = Release;
		};
/* End XCBuildConfiguration section */

/* Begin XCConfigurationList section */
		14F9254B1D901ED500743477 /* Build configuration list for PBXProject "Lesson5Kadai" */ = {
			isa = XCConfigurationList;
			buildConfigurations = (
				14F925601D901ED500743477 /* Debug */,
				14F925611D901ED500743477 /* Release */,
			);
			defaultConfigurationIsVisible = 0;
			defaultConfigurationName = Release;
		};
		14F925621D901ED500743477 /* Build configuration list for PBXNativeTarget "Lesson5Kadai" */ = {
			isa = XCConfigurationList;
			buildConfigurations = (
				14F925631D901ED500743477 /* Debug */,
				14F925641D901ED500743477 /* Release */,
			);
			defaultConfigurationIsVisible = 0;
		};
/* End XCConfigurationList section */
	};
	rootObject = 14F925481D901ED500743477 /* Project object */;
}
